
Microsoft Visual Studio Solution File, Format Version 12.00
# Visual Studio 15
VisualStudioVersion = 15.0.27428.2037
MinimumVisualStudioVersion = 10.0.40219.1
Project("{FAE04EC0-301F-11D3-BF4B-00C04F79EFBC}") = "Explode", "Explode\Explode.csproj", "{A862357F-9905-4BC9-94B6-9ACBB74B4443}"
EndProject
Global
	GlobalSection(SolutionConfigurationPlatforms) = preSolution
		Debug|Any CPU = Debug|Any CPU
		Release|Any CPU = Release|Any CPU
	EndGlobalSection
	GlobalSection(ProjectConfigurationPlatforms) = postSolution
		{A862357F-9905-4BC9-94B6-9ACBB74B4443}.Debug|Any CPU.ActiveCfg = Debug|Any CPU
		{A862357F-9905-4BC9-94B6-9ACBB74B4443}.Debug|Any CPU.Build.0 = Debug|Any CPU
		{A862357F-9905-4BC9-94B6-9ACBB74B4443}.Release|Any CPU.ActiveCfg = Release|Any CPU
		{A862357F-9905-4BC9-94B6-9ACBB74B4443}.Release|Any CPU.Build.0 = Release|Any CPU
	EndGlobalSection
	GlobalSection(SolutionProperties) = preSolution
		HideSolutionNode = FALSE
	EndGlobalSection
	GlobalSection(ExtensibilityGlobals) = postSolution
		SolutionGuid = {ADBEC88E-6A7D-43C8-AEFC-98FE02C2B126}
	EndGlobalSection
EndGlobal
